{
  "object": {
    "pins": [
      {
        "package": "NSMFoundation",
        "repositoryURL": "https://github.com/nesium/NSMFoundation.git",
        "state": {
          "branch": null,
          "revision": "b08769fc241a660825d9f29adf80571c02b2b15c",
          "version": "1.0.0"
        }
      },
      {
        "package": "RxSwift",
        "repositoryURL": "https://github.com/ReactiveX/RxSwift.git",
        "state": {
          "branch": null,
          "revision": "b3e888b4972d9bc76495dd74d30a8c7fad4b9395",
          "version": "5.0.1"
        }
      }
    ]
  },
  "version": 1
}
